
Microsoft Visual Studio Solution File, Format Version 12.00
# Visual Studio 14
VisualStudioVersion = 14.0.23107.0
MinimumVisualStudioVersion = 10.0.40219.1
Project("{8BC9CEB8-8B4A-11D0-8D11-00A0C91BC942}") = "NashDXEngine", "NashDXEngine\NashDXEngine.vcxproj", "{BD89A51A-5F73-4B7D-87C8-EEC96F2DF253}"
EndProject
Project("{8BC9CEB8-8B4A-11D0-8D11-00A0C91BC942}") = "Game", "Game\Game.vcxproj", "{56A3D563-B8A9-4563-9852-A22F5A5EF1BA}"
EndProject
Global
	GlobalSection(SolutionConfigurationPlatforms) = preSolution
		Debug|x64 = Debug|x64
		Debug|x86 = Debug|x86
		Release|x64 = Release|x64
		Release|x86 = Release|x86
	EndGlobalSection
	GlobalSection(ProjectConfigurationPlatforms) = postSolution
		{BD89A51A-5F73-4B7D-87C8-EEC96F2DF253}.Debug|x64.ActiveCfg = Debug|x64
		{BD89A51A-5F73-4B7D-87C8-EEC96F2DF253}.Debug|x64.Build.0 = Debug|x64
		{BD89A51A-5F73-4B7D-87C8-EEC96F2DF253}.Debug|x86.ActiveCfg = Debug|Win32
		{BD89A51A-5F73-4B7D-87C8-EEC96F2DF253}.Debug|x86.Build.0 = Debug|Win32
		{BD89A51A-5F73-4B7D-87C8-EEC96F2DF253}.Release|x64.ActiveCfg = Release|x64
		{BD89A51A-5F73-4B7D-87C8-EEC96F2DF253}.Release|x64.Build.0 = Release|x64
		{BD89A51A-5F73-4B7D-87C8-EEC96F2DF253}.Release|x86.ActiveCfg = Release|Win32
		{BD89A51A-5F73-4B7D-87C8-EEC96F2DF253}.Release|x86.Build.0 = Release|Win32
		{56A3D563-B8A9-4563-9852-A22F5A5EF1BA}.Debug|x64.ActiveCfg = Debug|x64
		{56A3D563-B8A9-4563-9852-A22F5A5EF1BA}.Debug|x64.Build.0 = Debug|x64
		{56A3D563-B8A9-4563-9852-A22F5A5EF1BA}.Debug|x86.ActiveCfg = Debug|Win32
		{56A3D563-B8A9-4563-9852-A22F5A5EF1BA}.Debug|x86.Build.0 = Debug|Win32
		{56A3D563-B8A9-4563-9852-A22F5A5EF1BA}.Release|x64.ActiveCfg = Release|x64
		{56A3D563-B8A9-4563-9852-A22F5A5EF1BA}.Release|x64.Build.0 = Release|x64
		{56A3D563-B8A9-4563-9852-A22F5A5EF1BA}.Release|x86.ActiveCfg = Release|Win32
		{56A3D563-B8A9-4563-9852-A22F5A5EF1BA}.Release|x86.Build.0 = Release|Win32
	EndGlobalSection
	GlobalSection(SolutionProperties) = preSolution
		HideSolutionNode = FALSE
	EndGlobalSection
EndGlobal
